
Microsoft Visual Studio Solution File, Format Version 12.00
# Visual Studio Version 17
VisualStudioVersion = 17.4.33122.133
MinimumVisualStudioVersion = 10.0.40219.1
Project("{FAE04EC0-301F-11D3-BF4B-00C04F79EFBC}") = "IMC", "IMC\IMC.csproj", "{278F2A7C-8299-4810-AC80-69207D73CA41}"
EndProject
Global
	GlobalSection(SolutionConfigurationPlatforms) = preSolution
		Debug|Any CPU = Debug|Any CPU
		Release|Any CPU = Release|Any CPU
	EndGlobalSection
	GlobalSection(ProjectConfigurationPlatforms) = postSolution
		{278F2A7C-8299-4810-AC80-69207D73CA41}.Debug|Any CPU.ActiveCfg = Debug|Any CPU
		{278F2A7C-8299-4810-AC80-69207D73CA41}.Debug|Any CPU.Build.0 = Debug|Any CPU
		{278F2A7C-8299-4810-AC80-69207D73CA41}.Release|Any CPU.ActiveCfg = Release|Any CPU
		{278F2A7C-8299-4810-AC80-69207D73CA41}.Release|Any CPU.Build.0 = Release|Any CPU
	EndGlobalSection
	GlobalSection(SolutionProperties) = preSolution
		HideSolutionNode = FALSE
	EndGlobalSection
	GlobalSection(ExtensibilityGlobals) = postSolution
		SolutionGuid = {22573EAF-0B35-48DC-AE77-C9842E46AA48}
	EndGlobalSection
EndGlobal
